{
  "projects": [
    {
      "projectId": "qZkA3qWw23164No1KhMX9w",
      "version": "latest",
      "dependencies": {},
      "lang": "ts",
      "fileLocks": [
        {
          "type": "globalVariant",
          "assetId": "PvMXhxpNYVIa7",
          "checksum": "f98197313a3b60bcb400953e2ca1e7b4"
        },
        {
          "type": "renderModule",
          "assetId": "lnfqzxhRwLLLF",
          "checksum": "423961280e64530c5b5d5f9e6752a027"
        },
        {
          "type": "cssRules",
          "assetId": "lnfqzxhRwLLLF",
          "checksum": "423961280e64530c5b5d5f9e6752a027"
        },
        {
          "type": "renderModule",
          "assetId": "ESgvEF7MpeQOE",
          "checksum": "9ed994a83e283676790f751230bf951e"
        },
        {
          "type": "cssRules",
          "assetId": "ESgvEF7MpeQOE",
          "checksum": "9ed994a83e283676790f751230bf951e"
        },
        {
          "type": "renderModule",
          "assetId": "PVH9uPZpgA1_E",
          "checksum": "07d0cc4657f97d6d634742c74801bb22"
        },
        {
          "type": "cssRules",
          "assetId": "PVH9uPZpgA1_E",
          "checksum": "07d0cc4657f97d6d634742c74801bb22"
        },
        {
          "type": "renderModule",
          "assetId": "4XA1wLh_f3yJY",
          "checksum": "228de6424ccd844a479f832e293db810"
        },
        {
          "type": "cssRules",
          "assetId": "4XA1wLh_f3yJY",
          "checksum": "228de6424ccd844a479f832e293db810"
        },
        {
          "type": "renderModule",
          "assetId": "A1tKbNDhdHN4T",
          "checksum": "4936070761ce26fa47104e12eb7fffb9"
        },
        {
          "type": "cssRules",
          "assetId": "A1tKbNDhdHN4T",
          "checksum": "4936070761ce26fa47104e12eb7fffb9"
        },
        {
          "assetId": "qZkA3qWw23164No1KhMX9w",
          "type": "projectCss",
          "checksum": "c2788218632a239361b866458d88a2fa"
        }
      ]
    }
  ],
  "cliVersion": "0.1.136"
}
